
Microsoft Visual Studio Solution File, Format Version 12.00
# Visual Studio Version 16
VisualStudioVersion = 16.0.29911.84
MinimumVisualStudioVersion = 10.0.40219.1
Project("{FAE04EC0-301F-11D3-BF4B-00C04F79EFBC}") = "tsSearch", "tsSearch\tsSearch.csproj", "{F153B3A9-BC19-4FAE-8D43-35EA043EC336}"
EndProject
Global
	GlobalSection(SolutionConfigurationPlatforms) = preSolution
		Debug|Any CPU = Debug|Any CPU
		Release|Any CPU = Release|Any CPU
	EndGlobalSection
	GlobalSection(ProjectConfigurationPlatforms) = postSolution
		{F153B3A9-BC19-4FAE-8D43-35EA043EC336}.Debug|Any CPU.ActiveCfg = Debug|Any CPU
		{F153B3A9-BC19-4FAE-8D43-35EA043EC336}.Debug|Any CPU.Build.0 = Debug|Any CPU
		{F153B3A9-BC19-4FAE-8D43-35EA043EC336}.Release|Any CPU.ActiveCfg = Release|Any CPU
		{F153B3A9-BC19-4FAE-8D43-35EA043EC336}.Release|Any CPU.Build.0 = Release|Any CPU
	EndGlobalSection
	GlobalSection(SolutionProperties) = preSolution
		HideSolutionNode = FALSE
	EndGlobalSection
	GlobalSection(ExtensibilityGlobals) = postSolution
		SolutionGuid = {866711BD-B23F-42B1-92CA-761FC7F5F4AD}
	EndGlobalSection
EndGlobal
